
Microsoft Visual Studio Solution File, Format Version 12.00
# Visual Studio Version 16
VisualStudioVersion = 16.0.32929.386
MinimumVisualStudioVersion = 10.0.40219.1
Project("{FAE04EC0-301F-11D3-BF4B-00C04F79EFBC}") = "App1", "App1\App1.csproj", "{5C2EDB00-1208-48C3-B03D-C21F5D42F5D7}"
EndProject
Project("{FAE04EC0-301F-11D3-BF4B-00C04F79EFBC}") = "CollectDataAP", "CollectDataAP\CollectDataAP.csproj", "{84870C9B-C7C9-4B0E-A0DF-45220E944377}"
EndProject
Project("{C7167F0D-BC9F-4E6E-AFE1-012C56B48DB5}") = "WapProj_HotTab2", "WapProj_HotTab2\WapProj_HotTab2.wapproj", "{843287FE-5395-45CD-84DC-23D83C03FC9A}"
EndProject
Global
	GlobalSection(SolutionConfigurationPlatforms) = preSolution
		Debug|Any CPU = Debug|Any CPU
		Debug|ARM = Debug|ARM
		Debug|ARM64 = Debug|ARM64
		Debug|x64 = Debug|x64
		Debug|x86 = Debug|x86
		Release|Any CPU = Release|Any CPU
		Release|ARM = Release|ARM
		Release|ARM64 = Release|ARM64
		Release|x64 = Release|x64
		Release|x86 = Release|x86
	EndGlobalSection
	GlobalSection(ProjectConfigurationPlatforms) = postSolution
		{5C2EDB00-1208-48C3-B03D-C21F5D42F5D7}.Debug|Any CPU.ActiveCfg = Debug|x86
		{5C2EDB00-1208-48C3-B03D-C21F5D42F5D7}.Debug|ARM.ActiveCfg = Debug|ARM
		{5C2EDB00-1208-48C3-B03D-C21F5D42F5D7}.Debug|ARM.Build.0 = Debug|ARM
		{5C2EDB00-1208-48C3-B03D-C21F5D42F5D7}.Debug|ARM.Deploy.0 = Debug|ARM
		{5C2EDB00-1208-48C3-B03D-C21F5D42F5D7}.Debug|ARM64.ActiveCfg = Debug|ARM64
		{5C2EDB00-1208-48C3-B03D-C21F5D42F5D7}.Debug|ARM64.Build.0 = Debug|ARM64
		{5C2EDB00-1208-48C3-B03D-C21F5D42F5D7}.Debug|ARM64.Deploy.0 = Debug|ARM64
		{5C2EDB00-1208-48C3-B03D-C21F5D42F5D7}.Debug|x64.ActiveCfg = Debug|x64
		{5C2EDB00-1208-48C3-B03D-C21F5D42F5D7}.Debug|x64.Build.0 = Debug|x64
		{5C2EDB00-1208-48C3-B03D-C21F5D42F5D7}.Debug|x64.Deploy.0 = Debug|x64
		{5C2EDB00-1208-48C3-B03D-C21F5D42F5D7}.Debug|x86.ActiveCfg = Debug|x86
		{5C2EDB00-1208-48C3-B03D-C21F5D42F5D7}.Debug|x86.Build.0 = Debug|x86
		{5C2EDB00-1208-48C3-B03D-C21F5D42F5D7}.Debug|x86.Deploy.0 = Debug|x86
		{5C2EDB00-1208-48C3-B03D-C21F5D42F5D7}.Release|Any CPU.ActiveCfg = Release|x86
		{5C2EDB00-1208-48C3-B03D-C21F5D42F5D7}.Release|ARM.ActiveCfg = Release|ARM
		{5C2EDB00-1208-48C3-B03D-C21F5D42F5D7}.Release|ARM.Build.0 = Release|ARM
		{5C2EDB00-1208-48C3-B03D-C21F5D42F5D7}.Release|ARM.Deploy.0 = Release|ARM
		{5C2EDB00-1208-48C3-B03D-C21F5D42F5D7}.Release|ARM64.ActiveCfg = Release|ARM64
		{5C2EDB00-1208-48C3-B03D-C21F5D42F5D7}.Release|ARM64.Build.0 = Release|ARM64
		{5C2EDB00-1208-48C3-B03D-C21F5D42F5D7}.Release|ARM64.Deploy.0 = Release|ARM64
		{5C2EDB00-1208-48C3-B03D-C21F5D42F5D7}.Release|x64.ActiveCfg = Release|x64
		{5C2EDB00-1208-48C3-B03D-C21F5D42F5D7}.Release|x64.Build.0 = Release|x64
		{5C2EDB00-1208-48C3-B03D-C21F5D42F5D7}.Release|x64.Deploy.0 = Release|x64
		{5C2EDB00-1208-48C3-B03D-C21F5D42F5D7}.Release|x86.ActiveCfg = Release|x86
		{5C2EDB00-1208-48C3-B03D-C21F5D42F5D7}.Release|x86.Build.0 = Release|x86
		{5C2EDB00-1208-48C3-B03D-C21F5D42F5D7}.Release|x86.Deploy.0 = Release|x86
		{84870C9B-C7C9-4B0E-A0DF-45220E944377}.Debug|Any CPU.ActiveCfg = Debug|Any CPU
		{84870C9B-C7C9-4B0E-A0DF-45220E944377}.Debug|Any CPU.Build.0 = Debug|Any CPU
		{84870C9B-C7C9-4B0E-A0DF-45220E944377}.Debug|ARM.ActiveCfg = Debug|Any CPU
		{84870C9B-C7C9-4B0E-A0DF-45220E944377}.Debug|ARM.Build.0 = Debug|Any CPU
		{84870C9B-C7C9-4B0E-A0DF-45220E944377}.Debug|ARM64.ActiveCfg = Debug|Any CPU
		{84870C9B-C7C9-4B0E-A0DF-45220E944377}.Debug|ARM64.Build.0 = Debug|Any CPU
		{84870C9B-C7C9-4B0E-A0DF-45220E944377}.Debug|x64.ActiveCfg = Debug|Any CPU
		{84870C9B-C7C9-4B0E-A0DF-45220E944377}.Debug|x64.Build.0 = Debug|Any CPU
		{84870C9B-C7C9-4B0E-A0DF-45220E944377}.Debug|x86.ActiveCfg = Debug|Any CPU
		{84870C9B-C7C9-4B0E-A0DF-45220E944377}.Debug|x86.Build.0 = Debug|Any CPU
		{84870C9B-C7C9-4B0E-A0DF-45220E944377}.Release|Any CPU.ActiveCfg = Release|Any CPU
		{84870C9B-C7C9-4B0E-A0DF-45220E944377}.Release|Any CPU.Build.0 = Release|Any CPU
		{84870C9B-C7C9-4B0E-A0DF-45220E944377}.Release|ARM.ActiveCfg = Release|Any CPU
		{84870C9B-C7C9-4B0E-A0DF-45220E944377}.Release|ARM.Build.0 = Release|Any CPU
		{84870C9B-C7C9-4B0E-A0DF-45220E944377}.Release|ARM64.ActiveCfg = Release|Any CPU
		{84870C9B-C7C9-4B0E-A0DF-45220E944377}.Release|ARM64.Build.0 = Release|Any CPU
		{84870C9B-C7C9-4B0E-A0DF-45220E944377}.Release|x64.ActiveCfg = Release|Any CPU
		{84870C9B-C7C9-4B0E-A0DF-45220E944377}.Release|x64.Build.0 = Release|Any CPU
		{84870C9B-C7C9-4B0E-A0DF-45220E944377}.Release|x86.ActiveCfg = Release|Any CPU
		{84870C9B-C7C9-4B0E-A0DF-45220E944377}.Release|x86.Build.0 = Release|Any CPU
		{843287FE-5395-45CD-84DC-23D83C03FC9A}.Debug|Any CPU.ActiveCfg = Debug|Any CPU
		{843287FE-5395-45CD-84DC-23D83C03FC9A}.Debug|Any CPU.Build.0 = Debug|Any CPU
		{843287FE-5395-45CD-84DC-23D83C03FC9A}.Debug|Any CPU.Deploy.0 = Debug|Any CPU
		{843287FE-5395-45CD-84DC-23D83C03FC9A}.Debug|ARM.ActiveCfg = Debug|ARM
		{843287FE-5395-45CD-84DC-23D83C03FC9A}.Debug|ARM.Build.0 = Debug|ARM
		{843287FE-5395-45CD-84DC-23D83C03FC9A}.Debug|ARM.Deploy.0 = Debug|ARM
		{843287FE-5395-45CD-84DC-23D83C03FC9A}.Debug|ARM64.ActiveCfg = Debug|ARM64
		{843287FE-5395-45CD-84DC-23D83C03FC9A}.Debug|ARM64.Build.0 = Debug|ARM64
		{843287FE-5395-45CD-84DC-23D83C03FC9A}.Debug|ARM64.Deploy.0 = Debug|ARM64
		{843287FE-5395-45CD-84DC-23D83C03FC9A}.Debug|x64.ActiveCfg = Debug|x64
		{843287FE-5395-45CD-84DC-23D83C03FC9A}.Debug|x64.Build.0 = Debug|x64
		{843287FE-5395-45CD-84DC-23D83C03FC9A}.Debug|x64.Deploy.0 = Debug|x64
		{843287FE-5395-45CD-84DC-23D83C03FC9A}.Debug|x86.ActiveCfg = Debug|x86
		{843287FE-5395-45CD-84DC-23D83C03FC9A}.Debug|x86.Build.0 = Debug|x86
		{843287FE-5395-45CD-84DC-23D83C03FC9A}.Debug|x86.Deploy.0 = Debug|x86
		{843287FE-5395-45CD-84DC-23D83C03FC9A}.Release|Any CPU.ActiveCfg = Release|Any CPU
		{843287FE-5395-45CD-84DC-23D83C03FC9A}.Release|Any CPU.Build.0 = Release|Any CPU
		{843287FE-5395-45CD-84DC-23D83C03FC9A}.Release|Any CPU.Deploy.0 = Release|Any CPU
		{843287FE-5395-45CD-84DC-23D83C03FC9A}.Release|ARM.ActiveCfg = Release|ARM
		{843287FE-5395-45CD-84DC-23D83C03FC9A}.Release|ARM.Build.0 = Release|ARM
		{843287FE-5395-45CD-84DC-23D83C03FC9A}.Release|ARM.Deploy.0 = Release|ARM
		{843287FE-5395-45CD-84DC-23D83C03FC9A}.Release|ARM64.ActiveCfg = Release|ARM64
		{843287FE-5395-45CD-84DC-23D83C03FC9A}.Release|ARM64.Build.0 = Release|ARM64
		{843287FE-5395-45CD-84DC-23D83C03FC9A}.Release|ARM64.Deploy.0 = Release|ARM64
		{843287FE-5395-45CD-84DC-23D83C03FC9A}.Release|x64.ActiveCfg = Release|x64
		{843287FE-5395-45CD-84DC-23D83C03FC9A}.Release|x64.Build.0 = Release|x64
		{843287FE-5395-45CD-84DC-23D83C03FC9A}.Release|x64.Deploy.0 = Release|x64
		{843287FE-5395-45CD-84DC-23D83C03FC9A}.Release|x86.ActiveCfg = Release|x86
		{843287FE-5395-45CD-84DC-23D83C03FC9A}.Release|x86.Build.0 = Release|x86
		{843287FE-5395-45CD-84DC-23D83C03FC9A}.Release|x86.Deploy.0 = Release|x86
	EndGlobalSection
	GlobalSection(SolutionProperties) = preSolution
		HideSolutionNode = FALSE
	EndGlobalSection
	GlobalSection(ExtensibilityGlobals) = postSolution
		SolutionGuid = {3684B067-926D-4B0E-BB26-ED55C065CE0D}
	EndGlobalSection
EndGlobal
